
Microsoft Visual Studio Solution File, Format Version 12.00
# Visual Studio 2013
VisualStudioVersion = 12.0.21005.1
MinimumVisualStudioVersion = 10.0.40219.1
Project("{FAE04EC0-301F-11D3-BF4B-00C04F79EFBC}") = "calcMYNBA2K16", "calcMYNBA2K16\calcMYNBA2K16.csproj", "{AA4ADE2C-5A12-4A74-B4E4-644DCFC1547D}"
EndProject
Global
	GlobalSection(SolutionConfigurationPlatforms) = preSolution
		Debug|Any CPU = Debug|Any CPU
		Release|Any CPU = Release|Any CPU
	EndGlobalSection
	GlobalSection(ProjectConfigurationPlatforms) = postSolution
		{AA4ADE2C-5A12-4A74-B4E4-644DCFC1547D}.Debug|Any CPU.ActiveCfg = Debug|Any CPU
		{AA4ADE2C-5A12-4A74-B4E4-644DCFC1547D}.Debug|Any CPU.Build.0 = Debug|Any CPU
		{AA4ADE2C-5A12-4A74-B4E4-644DCFC1547D}.Release|Any CPU.ActiveCfg = Release|Any CPU
		{AA4ADE2C-5A12-4A74-B4E4-644DCFC1547D}.Release|Any CPU.Build.0 = Release|Any CPU
	EndGlobalSection
	GlobalSection(SolutionProperties) = preSolution
		HideSolutionNode = FALSE
	EndGlobalSection
EndGlobal
